packages:
  - package: dbt-labs/dbt_utils
    version: 1.4.1
  - package: dbt-labs/codegen
    version: 0.13.1
  - package: metaplane/dbt_expectations
    version: 0.10.10
  - package: get-select/dbt_query_tags
    version: 3.2.0
  - package: godatadriven/dbt_date
    version: 0.15.0
sha1_hash: fdbc120254c04f1ac51c913bc6b4ce11fa00270e
